
Microsoft Visual Studio Solution File, Format Version 12.00
# Visual Studio Version 17
VisualStudioVersion = 17.4.33213.308
MinimumVisualStudioVersion = 10.0.40219.1
Project("{FAE04EC0-301F-11D3-BF4B-00C04F79EFBC}") = "ParquetViewer", "ParquetViewer.csproj", "{4B6DFB5E-28D7-473C-8DFD-AA396D58445E}"
EndProject
Global
	GlobalSection(SolutionConfigurationPlatforms) = preSolution
		Debug|Any CPU = Debug|Any CPU
		Release|Any CPU = Release|Any CPU
	EndGlobalSection
	GlobalSection(ProjectConfigurationPlatforms) = postSolution
		{4B6DFB5E-28D7-473C-8DFD-AA396D58445E}.Debug|Any CPU.ActiveCfg = Debug|Any CPU
		{4B6DFB5E-28D7-473C-8DFD-AA396D58445E}.Debug|Any CPU.Build.0 = Debug|Any CPU
		{4B6DFB5E-28D7-473C-8DFD-AA396D58445E}.Release|Any CPU.ActiveCfg = Release|Any CPU
		{4B6DFB5E-28D7-473C-8DFD-AA396D58445E}.Release|Any CPU.Build.0 = Release|Any CPU
	EndGlobalSection
	GlobalSection(SolutionProperties) = preSolution
		HideSolutionNode = FALSE
	EndGlobalSection
	GlobalSection(ExtensibilityGlobals) = postSolution
		SolutionGuid = {D2261018-0FA6-41E1-944A-80B835DFC7DD}
	EndGlobalSection
EndGlobal
